// !$*UTF8*$!
{
	archiveVersion = 1;
	classes = {
	};
	objectVersion = 56;
	objects = {

/* Begin PBXBuildFile section */
		13AF04592BC5CF9200CB036A /* LetsPlayMadLibsApp.swift in Sources */ = {isa = PBXBuildFile; fileRef = 13AF04582BC5CF9200CB036A /* LetsPlayMadLibsApp.swift */; };
		13AF045B2BC5CF9200CB036A /* ContentView.swift in Sources */ = {isa = PBXBuildFile; fileRef = 13AF045A2BC5CF9200CB036A /* ContentView.swift */; };
		13AF045D2BC5CF9400CB036A /* Assets.xcassets in Resources */ = {isa = PBXBuildFile; fileRef = 13AF045C2BC5CF9400CB036A /* Assets.xcassets */; };
		13AF04602BC5CF9400CB036A /* Preview Assets.xcassets in Resources */ = {isa = PBXBuildFile; fileRef = 13AF045F2BC5CF9400CB036A /* Preview Assets.xcassets */; };
		13AF046A2BC5CF9400CB036A /* LetsPlayMadLibsTests.swift in Sources */ = {isa = PBXBuildFile; fileRef = 13AF04692BC5CF9400CB036A /* LetsPlayMadLibsTests.swift */; };
		13AF04742BC5CF9400CB036A /* LetsPlayMadLibsUITests.swift in Sources */ = {isa = PBXBuildFile; fileRef = 13AF04732BC5CF9400CB036A /* LetsPlayMadLibsUITests.swift */; };
		13AF04762BC5CF9400CB036A /* LetsPlayMadLibsUITestsLaunchTests.swift in Sources */ = {isa = PBXBuildFile; fileRef = 13AF04752BC5CF9400CB036A /* LetsPlayMadLibsUITestsLaunchTests.swift */; };
		13AF04832BC5D00600CB036A /* StoryListView.swift in Sources */ = {isa = PBXBuildFile; fileRef = 13AF04822BC5D00600CB036A /* StoryListView.swift */; };
		13AF04852BC5D03300CB036A /* StoryDetailView.swift in Sources */ = {isa = PBXBuildFile; fileRef = 13AF04842BC5D03300CB036A /* StoryDetailView.swift */; };
		13AF04872BC5D08D00CB036A /* CompletedView.swift in Sources */ = {isa = PBXBuildFile; fileRef = 13AF04862BC5D08D00CB036A /* CompletedView.swift */; };
		13AF04892BC5D0B500CB036A /* CompletedDetailView.swift in Sources */ = {isa = PBXBuildFile; fileRef = 13AF04882BC5D0B500CB036A /* CompletedDetailView.swift */; };
/* End PBXBuildFile section */

/* Begin PBXContainerItemProxy section */
		13AF04662BC5CF9400CB036A /* PBXContainerItemProxy */ = {
			isa = PBXContainerItemProxy;
			containerPortal = 13AF044D2BC5CF9100CB036A /* Project object */;
			proxyType = 1;
			remoteGlobalIDString = 13AF04542BC5CF9200CB036A;
			remoteInfo = LetsPlayMadLibs;
		};
		13AF04702BC5CF9400CB036A /* PBXContainerItemProxy */ = {
			isa = PBXContainerItemProxy;
			containerPortal = 13AF044D2BC5CF9100CB036A /* Project object */;
			proxyType = 1;
			remoteGlobalIDString = 13AF04542BC5CF9200CB036A;
			remoteInfo = LetsPlayMadLibs;
		};
/* End PBXContainerItemProxy section */

/* Begin PBXFileReference section */
		13AF04552BC5CF9200CB036A /* LetsPlayMadLibs.app */ = {isa = PBXFileReference; explicitFileType = wrapper.application; includeInIndex = 0; path = LetsPlayMadLibs.app; sourceTree = BUILT_PRODUCTS_DIR; };
		13AF04582BC5CF9200CB036A /* LetsPlayMadLibsApp.swift */ = {isa = PBXFileReference; lastKnownFileType = sourcecode.swift; path = LetsPlayMadLibsApp.swift; sourceTree = "<group>"; };
		13AF045A2BC5CF9200CB036A /* ContentView.swift */ = {isa = PBXFileReference; lastKnownFileType = sourcecode.swift; path = ContentView.swift; sourceTree = "<group>"; };
		13AF045C2BC5CF9400CB036A /* Assets.xcassets */ = {isa = PBXFileReference; lastKnownFileType = folder.assetcatalog; path = Assets.xcassets; sourceTree = "<group>"; };
		13AF045F2BC5CF9400CB036A /* Preview Assets.xcassets */ = {isa = PBXFileReference; lastKnownFileType = folder.assetcatalog; path = "Preview Assets.xcassets"; sourceTree = "<group>"; };
		13AF04652BC5CF9400CB036A /* LetsPlayMadLibsTests.xctest */ = {isa = PBXFileReference; explicitFileType = wrapper.cfbundle; includeInIndex = 0; path = LetsPlayMadLibsTests.xctest; sourceTree = BUILT_PRODUCTS_DIR; };
		13AF04692BC5CF9400CB036A /* LetsPlayMadLibsTests.swift */ = {isa = PBXFileReference; lastKnownFileType = sourcecode.swift; path = LetsPlayMadLibsTests.swift; sourceTree = "<group>"; };
		13AF046F2BC5CF9400CB036A /* LetsPlayMadLibsUITests.xctest */ = {isa = PBXFileReference; explicitFileType = wrapper.cfbundle; includeInIndex = 0; path = LetsPlayMadLibsUITests.xctest; sourceTree = BUILT_PRODUCTS_DIR; };
		13AF04732BC5CF9400CB036A /* LetsPlayMadLibsUITests.swift */ = {isa = PBXFileReference; lastKnownFileType = sourcecode.swift; path = LetsPlayMadLibsUITests.swift; sourceTree = "<group>"; };
		13AF04752BC5CF9400CB036A /* LetsPlayMadLibsUITestsLaunchTests.swift */ = {isa = PBXFileReference; lastKnownFileType = sourcecode.swift; path = LetsPlayMadLibsUITestsLaunchTests.swift; sourceTree = "<group>"; };
		13AF04822BC5D00600CB036A /* StoryListView.swift */ = {isa = PBXFileReference; lastKnownFileType = sourcecode.swift; path = StoryListView.swift; sourceTree = "<group>"; };
		13AF04842BC5D03300CB036A /* StoryDetailView.swift */ = {isa = PBXFileReference; lastKnownFileType = sourcecode.swift; path = StoryDetailView.swift; sourceTree = "<group>"; };
		13AF04862BC5D08D00CB036A /* CompletedView.swift */ = {isa = PBXFileReference; lastKnownFileType = sourcecode.swift; path = CompletedView.swift; sourceTree = "<group>"; };
		13AF04882BC5D0B500CB036A /* CompletedDetailView.swift */ = {isa = PBXFileReference; lastKnownFileType = sourcecode.swift; path = CompletedDetailView.swift; sourceTree = "<group>"; };
/* End PBXFileReference section */

/* Begin PBXFrameworksBuildPhase section */
		13AF04522BC5CF9200CB036A /* Frameworks */ = {
			isa = PBXFrameworksBuildPhase;
			buildActionMask = 2147483647;
			files = (
			);
			runOnlyForDeploymentPostprocessing = 0;
		};
		13AF04622BC5CF9400CB036A /* Frameworks */ = {
			isa = PBXFrameworksBuildPhase;
			buildActionMask = 2147483647;
			files = (
			);
			runOnlyForDeploymentPostprocessing = 0;
		};
		13AF046C2BC5CF9400CB036A /* Frameworks */ = {
			isa = PBXFrameworksBuildPhase;
			buildActionMask = 2147483647;
			files = (
			);
			runOnlyForDeploymentPostprocessing = 0;
		};
/* End PBXFrameworksBuildPhase section */

/* Begin PBXGroup section */
		13AF044C2BC5CF9100CB036A = {
			isa = PBXGroup;
			children = (
				13AF04572BC5CF9200CB036A /* LetsPlayMadLibs */,
				13AF04682BC5CF9400CB036A /* LetsPlayMadLibsTests */,
				13AF04722BC5CF9400CB036A /* LetsPlayMadLibsUITests */,
				13AF04562BC5CF9200CB036A /* Products */,
			);
			sourceTree = "<group>";
		};
		13AF04562BC5CF9200CB036A /* Products */ = {
			isa = PBXGroup;
			children = (
				13AF04552BC5CF9200CB036A /* LetsPlayMadLibs.app */,
				13AF04652BC5CF9400CB036A /* LetsPlayMadLibsTests.xctest */,
				13AF046F2BC5CF9400CB036A /* LetsPlayMadLibsUITests.xctest */,
			);
			name = Products;
			sourceTree = "<group>";
		};
		13AF04572BC5CF9200CB036A /* LetsPlayMadLibs */ = {
			isa = PBXGroup;
			children = (
				13AF04582BC5CF9200CB036A /* LetsPlayMadLibsApp.swift */,
				13AF045A2BC5CF9200CB036A /* ContentView.swift */,
				13AF04822BC5D00600CB036A /* StoryListView.swift */,
				13AF04842BC5D03300CB036A /* StoryDetailView.swift */,
				13AF04862BC5D08D00CB036A /* CompletedView.swift */,
				13AF04882BC5D0B500CB036A /* CompletedDetailView.swift */,
				13AF045C2BC5CF9400CB036A /* Assets.xcassets */,
				13AF045E2BC5CF9400CB036A /* Preview Content */,
			);
			path = LetsPlayMadLibs;
			sourceTree = "<group>";
		};
		13AF045E2BC5CF9400CB036A /* Preview Content */ = {
			isa = PBXGroup;
			children = (
				13AF045F2BC5CF9400CB036A /* Preview Assets.xcassets */,
			);
			path = "Preview Content";
			sourceTree = "<group>";
		};
		13AF04682BC5CF9400CB036A /* LetsPlayMadLibsTests */ = {
			isa = PBXGroup;
			children = (
				13AF04692BC5CF9400CB036A /* LetsPlayMadLibsTests.swift */,
			);
			path = LetsPlayMadLibsTests;
			sourceTree = "<group>";
		};
		13AF04722BC5CF9400CB036A /* LetsPlayMadLibsUITests */ = {
			isa = PBXGroup;
			children = (
				13AF04732BC5CF9400CB036A /* LetsPlayMadLibsUITests.swift */,
				13AF04752BC5CF9400CB036A /* LetsPlayMadLibsUITestsLaunchTests.swift */,
			);
			path = LetsPlayMadLibsUITests;
			sourceTree = "<group>";
		};
/* End PBXGroup section */

/* Begin PBXNativeTarget section */
		13AF04542BC5CF9200CB036A /* LetsPlayMadLibs */ = {
			isa = PBXNativeTarget;
			buildConfigurationList = 13AF04792BC5CF9400CB036A /* Build configuration list for PBXNativeTarget "LetsPlayMadLibs" */;
			buildPhases = (
				13AF04512BC5CF9200CB036A /* Sources */,
				13AF04522BC5CF9200CB036A /* Frameworks */,
				13AF04532BC5CF9200CB036A /* Resources */,
			);
			buildRules = (
			);
			dependencies = (
			);
			name = LetsPlayMadLibs;
			productName = LetsPlayMadLibs;
			productReference = 13AF04552BC5CF9200CB036A /* LetsPlayMadLibs.app */;
			productType = "com.apple.product-type.application";
		};
		13AF04642BC5CF9400CB036A /* LetsPlayMadLibsTests */ = {
			isa = PBXNativeTarget;
			buildConfigurationList = 13AF047C2BC5CF9400CB036A /* Build configuration list for PBXNativeTarget "LetsPlayMadLibsTests" */;
			buildPhases = (
				13AF04612BC5CF9400CB036A /* Sources */,
				13AF04622BC5CF9400CB036A /* Frameworks */,
				13AF04632BC5CF9400CB036A /* Resources */,
			);
			buildRules = (
			);
			dependencies = (
				13AF04672BC5CF9400CB036A /* PBXTargetDependency */,
			);
			name = LetsPlayMadLibsTests;
			productName = LetsPlayMadLibsTests;
			productReference = 13AF04652BC5CF9400CB036A /* LetsPlayMadLibsTests.xctest */;
			productType = "com.apple.product-type.bundle.unit-test";
		};
		13AF046E2BC5CF9400CB036A /* LetsPlayMadLibsUITests */ = {
			isa = PBXNativeTarget;
			buildConfigurationList = 13AF047F2BC5CF9400CB036A /* Build configuration list for PBXNativeTarget "LetsPlayMadLibsUITests" */;
			buildPhases = (
				13AF046B2BC5CF9400CB036A /* Sources */,
				13AF046C2BC5CF9400CB036A /* Frameworks */,
				13AF046D2BC5CF9400CB036A /* Resources */,
			);
			buildRules = (
			);
			dependencies = (
				13AF04712BC5CF9400CB036A /* PBXTargetDependency */,
			);
			name = LetsPlayMadLibsUITests;
			productName = LetsPlayMadLibsUITests;
			productReference = 13AF046F2BC5CF9400CB036A /* LetsPlayMadLibsUITests.xctest */;
			productType = "com.apple.product-type.bundle.ui-testing";
		};
/* End PBXNativeTarget section */

/* Begin PBXProject section */
		13AF044D2BC5CF9100CB036A /* Project object */ = {
			isa = PBXProject;
			attributes = {
				BuildIndependentTargetsInParallel = 1;
				LastSwiftUpdateCheck = 1520;
				LastUpgradeCheck = 1520;
				TargetAttributes = {
					13AF04542BC5CF9200CB036A = {
						CreatedOnToolsVersion = 15.2;
					};
					13AF04642BC5CF9400CB036A = {
						CreatedOnToolsVersion = 15.2;
						TestTargetID = 13AF04542BC5CF9200CB036A;
					};
					13AF046E2BC5CF9400CB036A = {
						CreatedOnToolsVersion = 15.2;
						TestTargetID = 13AF04542BC5CF9200CB036A;
					};
				};
			};
			buildConfigurationList = 13AF04502BC5CF9100CB036A /* Build configuration list for PBXProject "LetsPlayMadLibs" */;
			compatibilityVersion = "Xcode 14.0";
			developmentRegion = en;
			hasScannedForEncodings = 0;
			knownRegions = (
				en,
				Base,
			);
			mainGroup = 13AF044C2BC5CF9100CB036A;
			productRefGroup = 13AF04562BC5CF9200CB036A /* Products */;
			projectDirPath = "";
			projectRoot = "";
			targets = (
				13AF04542BC5CF9200CB036A /* LetsPlayMadLibs */,
				13AF04642BC5CF9400CB036A /* LetsPlayMadLibsTests */,
				13AF046E2BC5CF9400CB036A /* LetsPlayMadLibsUITests */,
			);
		};
/* End PBXProject section */

/* Begin PBXResourcesBuildPhase section */
		13AF04532BC5CF9200CB036A /* Resources */ = {
			isa = PBXResourcesBuildPhase;
			buildActionMask = 2147483647;
			files = (
				13AF04602BC5CF9400CB036A /* Preview Assets.xcassets in Resources */,
				13AF045D2BC5CF9400CB036A /* Assets.xcassets in Resources */,
			);
			runOnlyForDeploymentPostprocessing = 0;
		};
		13AF04632BC5CF9400CB036A /* Resources */ = {
			isa = PBXResourcesBuildPhase;
			buildActionMask = 2147483647;
			files = (
			);
			runOnlyForDeploymentPostprocessing = 0;
		};
		13AF046D2BC5CF9400CB036A /* Resources */ = {
			isa = PBXResourcesBuildPhase;
			buildActionMask = 2147483647;
			files = (
			);
			runOnlyForDeploymentPostprocessing = 0;
		};
/* End PBXResourcesBuildPhase section */

/* Begin PBXSourcesBuildPhase section */
		13AF04512BC5CF9200CB036A /* Sources */ = {
			isa = PBXSourcesBuildPhase;
			buildActionMask = 2147483647;
			files = (
				13AF04872BC5D08D00CB036A /* CompletedView.swift in Sources */,
				13AF04892BC5D0B500CB036A /* CompletedDetailView.swift in Sources */,
				13AF045B2BC5CF9200CB036A /* ContentView.swift in Sources */,
				13AF04592BC5CF9200CB036A /* LetsPlayMadLibsApp.swift in Sources */,
				13AF04832BC5D00600CB036A /* StoryListView.swift in Sources */,
				13AF04852BC5D03300CB036A /* StoryDetailView.swift in Sources */,
			);
			runOnlyForDeploymentPostprocessing = 0;
		};
		13AF04612BC5CF9400CB036A /* Sources */ = {
			isa = PBXSourcesBuildPhase;
			buildActionMask = 2147483647;
			files = (
				13AF046A2BC5CF9400CB036A /* LetsPlayMadLibsTests.swift in Sources */,
			);
			runOnlyForDeploymentPostprocessing = 0;
		};
		13AF046B2BC5CF9400CB036A /* Sources */ = {
			isa = PBXSourcesBuildPhase;
			buildActionMask = 2147483647;
			files = (
				13AF04742BC5CF9400CB036A /* LetsPlayMadLibsUITests.swift in Sources */,
				13AF04762BC5CF9400CB036A /* LetsPlayMadLibsUITestsLaunchTests.swift in Sources */,
			);
			runOnlyForDeploymentPostprocessing = 0;
		};
/* End PBXSourcesBuildPhase section */

/* Begin PBXTargetDependency section */
		13AF04672BC5CF9400CB036A /* PBXTargetDependency */ = {
			isa = PBXTargetDependency;
			target = 13AF04542BC5CF9200CB036A /* LetsPlayMadLibs */;
			targetProxy = 13AF04662BC5CF9400CB036A /* PBXContainerItemProxy */;
		};
		13AF04712BC5CF9400CB036A /* PBXTargetDependency */ = {
			isa = PBXTargetDependency;
			target = 13AF04542BC5CF9200CB036A /* LetsPlayMadLibs */;
			targetProxy = 13AF04702BC5CF9400CB036A /* PBXContainerItemProxy */;
		};
/* End PBXTargetDependency section */

/* Begin XCBuildConfiguration section */
		13AF04772BC5CF9400CB036A /* Debug */ = {
			isa = XCBuildConfiguration;
			buildSettings = {
				ALWAYS_SEARCH_USER_PATHS = NO;
				ASSETCATALOG_COMPILER_GENERATE_SWIFT_ASSET_SYMBOL_EXTENSIONS = YES;
				CLANG_ANALYZER_NONNULL = YES;
				CLANG_ANALYZER_NUMBER_OBJECT_CONVERSION = YES_AGGRESSIVE;
				CLANG_CXX_LANGUAGE_STANDARD = "gnu++20";
				CLANG_ENABLE_MODULES = YES;
				CLANG_ENABLE_OBJC_ARC = YES;
				CLANG_ENABLE_OBJC_WEAK = YES;
				CLANG_WARN_BLOCK_CAPTURE_AUTORELEASING = YES;
				CLANG_WARN_BOOL_CONVERSION = YES;
				CLANG_WARN_COMMA = YES;
				CLANG_WARN_CONSTANT_CONVERSION = YES;
				CLANG_WARN_DEPRECATED_OBJC_IMPLEMENTATIONS = YES;
				CLANG_WARN_DIRECT_OBJC_ISA_USAGE = YES_ERROR;
				CLANG_WARN_DOCUMENTATION_COMMENTS = YES;
				CLANG_WARN_EMPTY_BODY = YES;
				CLANG_WARN_ENUM_CONVERSION = YES;
				CLANG_WARN_INFINITE_RECURSION = YES;
				CLANG_WARN_INT_CONVERSION = YES;
				CLANG_WARN_NON_LITERAL_NULL_CONVERSION = YES;
				CLANG_WARN_OBJC_IMPLICIT_RETAIN_SELF = YES;
				CLANG_WARN_OBJC_LITERAL_CONVERSION = YES;
				CLANG_WARN_OBJC_ROOT_CLASS = YES_ERROR;
				CLANG_WARN_QUOTED_INCLUDE_IN_FRAMEWORK_HEADER = YES;
				CLANG_WARN_RANGE_LOOP_ANALYSIS = YES;
				CLANG_WARN_STRICT_PROTOTYPES = YES;
				CLANG_WARN_SUSPICIOUS_MOVE = YES;
				CLANG_WARN_UNGUARDED_AVAILABILITY = YES_AGGRESSIVE;
				CLANG_WARN_UNREACHABLE_CODE = YES;
				CLANG_WARN__DUPLICATE_METHOD_MATCH = YES;
				COPY_PHASE_STRIP = NO;
				DEBUG_INFORMATION_FORMAT = dwarf;
				ENABLE_STRICT_OBJC_MSGSEND = YES;
				ENABLE_TESTABILITY = YES;
				ENABLE_USER_SCRIPT_SANDBOXING = YES;
				GCC_C_LANGUAGE_STANDARD = gnu17;
				GCC_DYNAMIC_NO_PIC = NO;
				GCC_NO_COMMON_BLOCKS = YES;
				GCC_OPTIMIZATION_LEVEL = 0;
				GCC_PREPROCESSOR_DEFINITIONS = (
					"DEBUG=1",
					"$(inherited)",
				);
				GCC_WARN_64_TO_32_BIT_CONVERSION = YES;
				GCC_WARN_ABOUT_RETURN_TYPE = YES_ERROR;
				GCC_WARN_UNDECLARED_SELECTOR = YES;
				GCC_WARN_UNINITIALIZED_AUTOS = YES_AGGRESSIVE;
				GCC_WARN_UNUSED_FUNCTION = YES;
				GCC_WARN_UNUSED_VARIABLE = YES;
				IPHONEOS_DEPLOYMENT_TARGET = 17.2;
				LOCALIZATION_PREFERS_STRING_CATALOGS = YES;
				MTL_ENABLE_DEBUG_INFO = INCLUDE_SOURCE;
				MTL_FAST_MATH = YES;
				ONLY_ACTIVE_ARCH = YES;
				SDKROOT = iphoneos;
				SWIFT_ACTIVE_COMPILATION_CONDITIONS = "DEBUG $(inherited)";
				SWIFT_OPTIMIZATION_LEVEL = "-Onone";
			};
			name = Debug;
		};
		13AF04782BC5CF9400CB036A /* Release */ = {
			isa = XCBuildConfiguration;
			buildSettings = {
				ALWAYS_SEARCH_USER_PATHS = NO;
				ASSETCATALOG_COMPILER_GENERATE_SWIFT_ASSET_SYMBOL_EXTENSIONS = YES;
				CLANG_ANALYZER_NONNULL = YES;
				CLANG_ANALYZER_NUMBER_OBJECT_CONVERSION = YES_AGGRESSIVE;
				CLANG_CXX_LANGUAGE_STANDARD = "gnu++20";
				CLANG_ENABLE_MODULES = YES;
				CLANG_ENABLE_OBJC_ARC = YES;
				CLANG_ENABLE_OBJC_WEAK = YES;
				CLANG_WARN_BLOCK_CAPTURE_AUTORELEASING = YES;
				CLANG_WARN_BOOL_CONVERSION = YES;
				CLANG_WARN_COMMA = YES;
				CLANG_WARN_CONSTANT_CONVERSION = YES;
				CLANG_WARN_DEPRECATED_OBJC_IMPLEMENTATIONS = YES;
				CLANG_WARN_DIRECT_OBJC_ISA_USAGE = YES_ERROR;
				CLANG_WARN_DOCUMENTATION_COMMENTS = YES;
				CLANG_WARN_EMPTY_BODY = YES;
				CLANG_WARN_ENUM_CONVERSION = YES;
				CLANG_WARN_INFINITE_RECURSION = YES;
				CLANG_WARN_INT_CONVERSION = YES;
				CLANG_WARN_NON_LITERAL_NULL_CONVERSION = YES;
				CLANG_WARN_OBJC_IMPLICIT_RETAIN_SELF = YES;
				CLANG_WARN_OBJC_LITERAL_CONVERSION = YES;
				CLANG_WARN_OBJC_ROOT_CLASS = YES_ERROR;
				CLANG_WARN_QUOTED_INCLUDE_IN_FRAMEWORK_HEADER = YES;
				CLANG_WARN_RANGE_LOOP_ANALYSIS = YES;
				CLANG_WARN_STRICT_PROTOTYPES = YES;
				CLANG_WARN_SUSPICIOUS_MOVE = YES;
				CLANG_WARN_UNGUARDED_AVAILABILITY = YES_AGGRESSIVE;
				CLANG_WARN_UNREACHABLE_CODE = YES;
				CLANG_WARN__DUPLICATE_METHOD_MATCH = YES;
				COPY_PHASE_STRIP = NO;
				DEBUG_INFORMATION_FORMAT = "dwarf-with-dsym";
				ENABLE_NS_ASSERTIONS = NO;
				ENABLE_STRICT_OBJC_MSGSEND = YES;
				ENABLE_USER_SCRIPT_SANDBOXING = YES;
				GCC_C_LANGUAGE_STANDARD = gnu17;
				GCC_NO_COMMON_BLOCKS = YES;
				GCC_WARN_64_TO_32_BIT_CONVERSION = YES;
				GCC_WARN_ABOUT_RETURN_TYPE = YES_ERROR;
				GCC_WARN_UNDECLARED_SELECTOR = YES;
				GCC_WARN_UNINITIALIZED_AUTOS = YES_AGGRESSIVE;
				GCC_WARN_UNUSED_FUNCTION = YES;
				GCC_WARN_UNUSED_VARIABLE = YES;
				IPHONEOS_DEPLOYMENT_TARGET = 17.2;
				LOCALIZATION_PREFERS_STRING_CATALOGS = YES;
				MTL_ENABLE_DEBUG_INFO = NO;
				MTL_FAST_MATH = YES;
				SDKROOT = iphoneos;
				SWIFT_COMPILATION_MODE = wholemodule;
				VALIDATE_PRODUCT = YES;
			};
			name = Release;
		};
		13AF047A2BC5CF9400CB036A /* Debug */ = {
			isa = XCBuildConfiguration;
			buildSettings = {
				ASSETCATALOG_COMPILER_APPICON_NAME = AppIcon;
				ASSETCATALOG_COMPILER_GLOBAL_ACCENT_COLOR_NAME = AccentColor;
				CODE_SIGN_STYLE = Automatic;
				CURRENT_PROJECT_VERSION = 1;
				DEVELOPMENT_ASSET_PATHS = "\"LetsPlayMadLibs/Preview Content\"";
				ENABLE_PREVIEWS = YES;
				GENERATE_INFOPLIST_FILE = YES;
				INFOPLIST_KEY_UIApplicationSceneManifest_Generation = YES;
				INFOPLIST_KEY_UIApplicationSupportsIndirectInputEvents = YES;
				INFOPLIST_KEY_UILaunchScreen_Generation = YES;
				INFOPLIST_KEY_UISupportedInterfaceOrientations_iPad = "UIInterfaceOrientationPortrait UIInterfaceOrientationPortraitUpsideDown UIInterfaceOrientationLandscapeLeft UIInterfaceOrientationLandscapeRight";
				INFOPLIST_KEY_UISupportedInterfaceOrientations_iPhone = "UIInterfaceOrientationPortrait UIInterfaceOrientationLandscapeLeft UIInterfaceOrientationLandscapeRight";
				LD_RUNPATH_SEARCH_PATHS = (
					"$(inherited)",
					"@executable_path/Frameworks",
				);
				MARKETING_VERSION = 1.0;
				PRODUCT_BUNDLE_IDENTIFIER = None.LetsPlayMadLibs;
				PRODUCT_NAME = "$(TARGET_NAME)";
				SWIFT_EMIT_LOC_STRINGS = YES;
				SWIFT_VERSION = 5.0;
				TARGETED_DEVICE_FAMILY = "1,2";
			};
			name = Debug;
		};
		13AF047B2BC5CF9400CB036A /* Release */ = {
			isa = XCBuildConfiguration;
			buildSettings = {
				ASSETCATALOG_COMPILER_APPICON_NAME = AppIcon;
				ASSETCATALOG_COMPILER_GLOBAL_ACCENT_COLOR_NAME = AccentColor;
				CODE_SIGN_STYLE = Automatic;
				CURRENT_PROJECT_VERSION = 1;
				DEVELOPMENT_ASSET_PATHS = "\"LetsPlayMadLibs/Preview Content\"";
				ENABLE_PREVIEWS = YES;
				GENERATE_INFOPLIST_FILE = YES;
				INFOPLIST_KEY_UIApplicationSceneManifest_Generation = YES;
				INFOPLIST_KEY_UIApplicationSupportsIndirectInputEvents = YES;
				INFOPLIST_KEY_UILaunchScreen_Generation = YES;
				INFOPLIST_KEY_UISupportedInterfaceOrientations_iPad = "UIInterfaceOrientationPortrait UIInterfaceOrientationPortraitUpsideDown UIInterfaceOrientationLandscapeLeft UIInterfaceOrientationLandscapeRight";
				INFOPLIST_KEY_UISupportedInterfaceOrientations_iPhone = "UIInterfaceOrientationPortrait UIInterfaceOrientationLandscapeLeft UIInterfaceOrientationLandscapeRight";
				LD_RUNPATH_SEARCH_PATHS = (
					"$(inherited)",
					"@executable_path/Frameworks",
				);
				MARKETING_VERSION = 1.0;
				PRODUCT_BUNDLE_IDENTIFIER = None.LetsPlayMadLibs;
				PRODUCT_NAME = "$(TARGET_NAME)";
				SWIFT_EMIT_LOC_STRINGS = YES;
				SWIFT_VERSION = 5.0;
				TARGETED_DEVICE_FAMILY = "1,2";
			};
			name = Release;
		};
		13AF047D2BC5CF9400CB036A /* Debug */ = {
			isa = XCBuildConfiguration;
			buildSettings = {
				ALWAYS_EMBED_SWIFT_STANDARD_LIBRARIES = YES;
				BUNDLE_LOADER = "$(TEST_HOST)";
				CODE_SIGN_STYLE = Automatic;
				CURRENT_PROJECT_VERSION = 1;
				GENERATE_INFOPLIST_FILE = YES;
				IPHONEOS_DEPLOYMENT_TARGET = 17.2;
				MARKETING_VERSION = 1.0;
				PRODUCT_BUNDLE_IDENTIFIER = None.LetsPlayMadLibsTests;
				PRODUCT_NAME = "$(TARGET_NAME)";
				SWIFT_EMIT_LOC_STRINGS = NO;
				SWIFT_VERSION = 5.0;
				TARGETED_DEVICE_FAMILY = "1,2";
				TEST_HOST = "$(BUILT_PRODUCTS_DIR)/LetsPlayMadLibs.app/$(BUNDLE_EXECUTABLE_FOLDER_PATH)/LetsPlayMadLibs";
			};
			name = Debug;
		};
		13AF047E2BC5CF9400CB036A /* Release */ = {
			isa = XCBuildConfiguration;
			buildSettings = {
				ALWAYS_EMBED_SWIFT_STANDARD_LIBRARIES = YES;
				BUNDLE_LOADER = "$(TEST_HOST)";
				CODE_SIGN_STYLE = Automatic;
				CURRENT_PROJECT_VERSION = 1;
				GENERATE_INFOPLIST_FILE = YES;
				IPHONEOS_DEPLOYMENT_TARGET = 17.2;
				MARKETING_VERSION = 1.0;
				PRODUCT_BUNDLE_IDENTIFIER = None.LetsPlayMadLibsTests;
				PRODUCT_NAME = "$(TARGET_NAME)";
				SWIFT_EMIT_LOC_STRINGS = NO;
				SWIFT_VERSION = 5.0;
				TARGETED_DEVICE_FAMILY = "1,2";
				TEST_HOST = "$(BUILT_PRODUCTS_DIR)/LetsPlayMadLibs.app/$(BUNDLE_EXECUTABLE_FOLDER_PATH)/LetsPlayMadLibs";
			};
			name = Release;
		};
		13AF04802BC5CF9400CB036A /* Debug */ = {
			isa = XCBuildConfiguration;
			buildSettings = {
				ALWAYS_EMBED_SWIFT_STANDARD_LIBRARIES = YES;
				CODE_SIGN_STYLE = Automatic;
				CURRENT_PROJECT_VERSION = 1;
				GENERATE_INFOPLIST_FILE = YES;
				MARKETING_VERSION = 1.0;
				PRODUCT_BUNDLE_IDENTIFIER = None.LetsPlayMadLibsUITests;
				PRODUCT_NAME = "$(TARGET_NAME)";
				SWIFT_EMIT_LOC_STRINGS = NO;
				SWIFT_VERSION = 5.0;
				TARGETED_DEVICE_FAMILY = "1,2";
				TEST_TARGET_NAME = LetsPlayMadLibs;
			};
			name = Debug;
		};
		13AF04812BC5CF9400CB036A /* Release */ = {
			isa = XCBuildConfiguration;
			buildSettings = {
				ALWAYS_EMBED_SWIFT_STANDARD_LIBRARIES = YES;
				CODE_SIGN_STYLE = Automatic;
				CURRENT_PROJECT_VERSION = 1;
				GENERATE_INFOPLIST_FILE = YES;
				MARKETING_VERSION = 1.0;
				PRODUCT_BUNDLE_IDENTIFIER = None.LetsPlayMadLibsUITests;
				PRODUCT_NAME = "$(TARGET_NAME)";
				SWIFT_EMIT_LOC_STRINGS = NO;
				SWIFT_VERSION = 5.0;
				TARGETED_DEVICE_FAMILY = "1,2";
				TEST_TARGET_NAME = LetsPlayMadLibs;
			};
			name = Release;
		};
/* End XCBuildConfiguration section */

/* Begin XCConfigurationList section */
		13AF04502BC5CF9100CB036A /* Build configuration list for PBXProject "LetsPlayMadLibs" */ = {
			isa = XCConfigurationList;
			buildConfigurations = (
				13AF04772BC5CF9400CB036A /* Debug */,
				13AF04782BC5CF9400CB036A /* Release */,
			);
			defaultConfigurationIsVisible = 0;
			defaultConfigurationName = Release;
		};
		13AF04792BC5CF9400CB036A /* Build configuration list for PBXNativeTarget "LetsPlayMadLibs" */ = {
			isa = XCConfigurationList;
			buildConfigurations = (
				13AF047A2BC5CF9400CB036A /* Debug */,
				13AF047B2BC5CF9400CB036A /* Release */,
			);
			defaultConfigurationIsVisible = 0;
			defaultConfigurationName = Release;
		};
		13AF047C2BC5CF9400CB036A /* Build configuration list for PBXNativeTarget "LetsPlayMadLibsTests" */ = {
			isa = XCConfigurationList;
			buildConfigurations = (
				13AF047D2BC5CF9400CB036A /* Debug */,
				13AF047E2BC5CF9400CB036A /* Release */,
			);
			defaultConfigurationIsVisible = 0;
			defaultConfigurationName = Release;
		};
		13AF047F2BC5CF9400CB036A /* Build configuration list for PBXNativeTarget "LetsPlayMadLibsUITests" */ = {
			isa = XCConfigurationList;
			buildConfigurations = (
				13AF04802BC5CF9400CB036A /* Debug */,
				13AF04812BC5CF9400CB036A /* Release */,
			);
			defaultConfigurationIsVisible = 0;
			defaultConfigurationName = Release;
		};
/* End XCConfigurationList section */
	};
	rootObject = 13AF044D2BC5CF9100CB036A /* Project object */;
}
